{
  "version": "5",
  "redirects": {
    "https://esm.sh/@aws-sdk/checksums@^3.1000.28/flexible-checksums?target=denonext": "https://esm.sh/@aws-sdk/checksums@3.1000.28/flexible-checksums?target=denonext",
    "https://esm.sh/@aws-sdk/checksums@^3.1000.28/sha?target=denonext": "https://esm.sh/@aws-sdk/checksums@3.1000.28/sha?target=denonext",
    "https://esm.sh/@aws-sdk/client-s3@3": "https://esm.sh/@aws-sdk/client-s3@3.1113.0",
    "https://esm.sh/@aws-sdk/core@^3.977.8/client?target=denonext": "https://esm.sh/@aws-sdk/core@3.977.8/client?target=denonext",
    "https://esm.sh/@aws-sdk/core@^3.977.8/httpAuthSchemes?target=denonext": "https://esm.sh/@aws-sdk/core@3.977.8/httpAuthSchemes?target=denonext",
    "https://esm.sh/@aws-sdk/core@^3.977.8/protocols?target=denonext": "https://esm.sh/@aws-sdk/core@3.977.8/protocols?target=denonext",
    "https://esm.sh/@aws-sdk/core@^3.977.8/util?target=denonext": "https://esm.sh/@aws-sdk/core@3.977.8/util?target=denonext",
    "https://esm.sh/@aws-sdk/credential-provider-env@^3.972.69?target=denonext": "https://esm.sh/@aws-sdk/credential-provider-env@3.972.69?target=denonext",
    "https://esm.sh/@aws-sdk/credential-provider-http@^3.972.71?target=denonext": "https://esm.sh/@aws-sdk/credential-provider-http@3.972.71?target=denonext",
    "https://esm.sh/@aws-sdk/credential-provider-ini@^3.973.14?target=denonext": "https://esm.sh/@aws-sdk/credential-provider-ini@3.973.14?target=denonext",
    "https://esm.sh/@aws-sdk/credential-provider-login@^3.972.76?target=denonext": "https://esm.sh/@aws-sdk/credential-provider-login@3.972.76?target=denonext",
    "https://esm.sh/@aws-sdk/credential-provider-node@^3.972.80?target=denonext": "https://esm.sh/@aws-sdk/credential-provider-node@3.972.80?target=denonext",
    "https://esm.sh/@aws-sdk/credential-provider-process@^3.972.69?target=denonext": "https://esm.sh/@aws-sdk/credential-provider-process@3.972.69?target=denonext",
    "https://esm.sh/@aws-sdk/credential-provider-sso@^3.973.13?target=denonext": "https://esm.sh/@aws-sdk/credential-provider-sso@3.973.13?target=denonext",
    "https://esm.sh/@aws-sdk/credential-provider-web-identity@^3.972.75?target=denonext": "https://esm.sh/@aws-sdk/credential-provider-web-identity@3.972.75?target=denonext",
    "https://esm.sh/@aws-sdk/middleware-sdk-s3@^3.972.74/s3?target=denonext": "https://esm.sh/@aws-sdk/middleware-sdk-s3@3.972.74/s3?target=denonext",
    "https://esm.sh/@aws-sdk/nested-clients@^3.997.43/signin?target=denonext": "https://esm.sh/@aws-sdk/nested-clients@3.997.43/signin?target=denonext",
    "https://esm.sh/@aws-sdk/nested-clients@^3.997.43/sso-oidc?target=denonext": "https://esm.sh/@aws-sdk/nested-clients@3.997.43/sso-oidc?target=denonext",
    "https://esm.sh/@aws-sdk/nested-clients@^3.997.43/sso?target=denonext": "https://esm.sh/@aws-sdk/nested-clients@3.997.43/sso?target=denonext",
    "https://esm.sh/@aws-sdk/nested-clients@^3.997.43/sts?target=denonext": "https://esm.sh/@aws-sdk/nested-clients@3.997.43/sts?target=denonext",
    "https://esm.sh/@aws-sdk/signature-v4-multi-region@^3.996.45?target=denonext": "https://esm.sh/@aws-sdk/signature-v4-multi-region@3.996.45?target=denonext",
    "https://esm.sh/@aws-sdk/xml-builder@^3.972.39?target=denonext": "https://esm.sh/@aws-sdk/xml-builder@3.972.39?target=denonext",
    "https://esm.sh/@aws/lambda-invoke-store@^0.3.0?target=denonext": "https://esm.sh/@aws/lambda-invoke-store@0.3.0?target=denonext",
    "https://esm.sh/@smithy/core@^3.31.1/cbor?target=denonext": "https://esm.sh/@smithy/core@3.33.2/cbor?target=denonext",
    "https://esm.sh/@smithy/core@^3.31.1/checksum?target=denonext": "https://esm.sh/@smithy/core@3.33.2/checksum?target=denonext",
    "https://esm.sh/@smithy/core@^3.31.1/client?target=denonext": "https://esm.sh/@smithy/core@3.33.2/client?target=denonext",
    "https://esm.sh/@smithy/core@^3.31.1/config?target=denonext": "https://esm.sh/@smithy/core@3.33.2/config?target=denonext",
    "https://esm.sh/@smithy/core@^3.31.1/endpoints?target=denonext": "https://esm.sh/@smithy/core@3.33.2/endpoints?target=denonext",
    "https://esm.sh/@smithy/core@^3.31.1/event-streams?target=denonext": "https://esm.sh/@smithy/core@3.33.2/event-streams?target=denonext",
    "https://esm.sh/@smithy/core@^3.31.1/protocols?target=denonext": "https://esm.sh/@smithy/core@3.33.2/protocols?target=denonext",
    "https://esm.sh/@smithy/core@^3.31.1/retry?target=denonext": "https://esm.sh/@smithy/core@3.33.2/retry?target=denonext",
    "https://esm.sh/@smithy/core@^3.31.1/schema?target=denonext": "https://esm.sh/@smithy/core@3.33.2/schema?target=denonext",
    "https://esm.sh/@smithy/core@^3.31.1/serde?target=denonext": "https://esm.sh/@smithy/core@3.33.2/serde?target=denonext",
    "https://esm.sh/@smithy/core@^3.31.1?target=denonext": "https://esm.sh/@smithy/core@3.33.2?target=denonext",
    "https://esm.sh/@smithy/core@^3.33.2/client?target=denonext": "https://esm.sh/@smithy/core@3.33.2/client?target=denonext",
    "https://esm.sh/@smithy/core@^3.33.2/config?target=denonext": "https://esm.sh/@smithy/core@3.33.2/config?target=denonext",
    "https://esm.sh/@smithy/core@^3.33.2/protocols?target=denonext": "https://esm.sh/@smithy/core@3.33.2/protocols?target=denonext",
    "https://esm.sh/@smithy/core@^3.33.2/serde?target=denonext": "https://esm.sh/@smithy/core@3.33.2/serde?target=denonext",
    "https://esm.sh/@smithy/credential-provider-imds@^4.4.16?target=denonext": "https://esm.sh/@smithy/credential-provider-imds@4.5.2?target=denonext",
    "https://esm.sh/@smithy/node-http-handler@^4.9.13?target=denonext": "https://esm.sh/@smithy/node-http-handler@4.11.2?target=denonext",
    "https://esm.sh/@smithy/signature-v4@^5.6.12?target=denonext": "https://esm.sh/@smithy/signature-v4@5.7.2?target=denonext",
    "https://esm.sh/@smithy/types@^4.17.2?target=denonext": "https://esm.sh/@smithy/types@4.17.2?target=denonext",
    "https://esm.sh/bowser@^2.11.0?target=denonext": "https://esm.sh/bowser@2.14.1?target=denonext"
  },
  "remote": {
    "https://esm.sh/@aws-sdk/checksums@3.1000.28/denonext/crc.mjs": "b8191e82df5e1b84314f88f1091da40cca29cf7fe55135e6fffc1a49bb823266",
    "https://esm.sh/@aws-sdk/checksums@3.1000.28/denonext/flexible-checksums.mjs": "a9afed72c97ad7b8b24a9689c238a9b02acffa1883f9c93859d5594e2e7110f0",
    "https://esm.sh/@aws-sdk/checksums@3.1000.28/denonext/sha.mjs": "2f681b151f47750fbde1ab1b68cf0b1512a725b075b935ea66a136df8e4669e6",
    "https://esm.sh/@aws-sdk/checksums@3.1000.28/flexible-checksums?target=denonext": "13c68a0d0f4b8d0a33e3e98ccbc445769bbe07fe4db91142271f73f3a528fe28",
    "https://esm.sh/@aws-sdk/checksums@3.1000.28/sha?target=denonext": "576b219856cf9b22d08a42f569e11cae0b98af453c2e270999ea3e2646275792",
    "https://esm.sh/@aws-sdk/client-s3@3.1113.0": "18cd14b8b6be916299c4c1130aeee0a74ada3b6185465e776be77ef55723dcb2",
    "https://esm.sh/@aws-sdk/client-s3@3.1113.0/denonext/client-s3.mjs": "fb0faa0e613332e3fa31251cef8e3eaba2cc2faa76b8ac53918eaf24098d1721",
    "https://esm.sh/@aws-sdk/core@3.977.8/client?target=denonext": "9c7c03cc5e7bb99f6764ee72a99a8a63e226a0acd370d6c6a05a674a9efebe18",
    "https://esm.sh/@aws-sdk/core@3.977.8/denonext/client.mjs": "7b06ee462ab2fcb0c7ddd8e9ffbafc2a1d9bd6678b72994468d3d6038ce0ce1f",
    "https://esm.sh/@aws-sdk/core@3.977.8/denonext/dist-es/submodules/client/emitWarningIfUnsupportedVersion.mjs": "867680842e61093971241938e251dc2cb4c76d4be3f34a3ff2535e72b8192dc2",
    "https://esm.sh/@aws-sdk/core@3.977.8/denonext/dist-es/submodules/client/longPollMiddleware.mjs": "0cfc5db9db37d2576b124e645ddcb754d284d6c5cc5e5505bdfcbcad8526af63",
    "https://esm.sh/@aws-sdk/core@3.977.8/denonext/dist-es/submodules/client/middleware-host-header/hostHeaderMiddleware.mjs": "20a9182b21a7e0955a51b3cbf238774fc270e3482784f875490caa15d073b38b",
    "https://esm.sh/@aws-sdk/core@3.977.8/denonext/dist-es/submodules/client/middleware-logger/loggerMiddleware.mjs": "5e63f5702e3d0892c9529be35f646fc7f9cb409cb63cb7a552a951ec1f055019",
    "https://esm.sh/@aws-sdk/core@3.977.8/denonext/dist-es/submodules/client/middleware-recursion-detection/configuration.mjs": "905f60c002738ac4615f23f71280b8166e84532c4ae9a36ab0575dd14cd40198",
    "https://esm.sh/@aws-sdk/core@3.977.8/denonext/dist-es/submodules/client/middleware-recursion-detection/getRecursionDetectionPlugin.mjs": "1b0f0b99d1d01b4454a8ff745a243310337596226ccc0e75e1762d3a4aede069",
    "https://esm.sh/@aws-sdk/core@3.977.8/denonext/dist-es/submodules/client/middleware-recursion-detection/recursionDetectionMiddleware.mjs": "a160fee7201247bd1d7ad9cf6502bff358341f86c4f58ed34977d94a2edb39fb",
    "https://esm.sh/@aws-sdk/core@3.977.8/denonext/dist-es/submodules/client/middleware-user-agent/check-features.mjs": "0ad82dafade57f64b8c737c86caf4df3532b6afa0b217b24ebd9a249d60a653e",
    "https://esm.sh/@aws-sdk/core@3.977.8/denonext/dist-es/submodules/client/middleware-user-agent/configurations.mjs": "e67e34f4187f15b43ea2d5d1aacfe64a7f4753f2edd8626783d31dc519c22f78",
    "https://esm.sh/@aws-sdk/core@3.977.8/denonext/dist-es/submodules/client/middleware-user-agent/constants.mjs": "6813f8c41f6bd127aabb246c2a532b2f806b61e716c19d8a3d8979b07d66abc6",
    "https://esm.sh/@aws-sdk/core@3.977.8/denonext/dist-es/submodules/client/middleware-user-agent/encode-features.mjs": "4987e1faa51c907d5280c3eb1ed8d89ec3a8a2b487b467f88eb73ee1dd57ca6f",
    "https://esm.sh/@aws-sdk/core@3.977.8/denonext/dist-es/submodules/client/middleware-user-agent/user-agent-middleware.mjs": "382706c3bc5be2fb0a3a8b6987fefb19b3cca3c7a2c2b6d2029fca7d6b02987a",
    "https://esm.sh/@aws-sdk/core@3.977.8/denonext/dist-es/submodules/client/region-config-resolver/awsRegionConfig.mjs": "12eeffc23c036f5834aa8f13a4c1a4ce0e58ea529580539efc401150c2f0349a",
    "https://esm.sh/@aws-sdk/core@3.977.8/denonext/dist-es/submodules/client/region-config-resolver/extensions.mjs": "e3d1f0e950271ff3a641a593a9b1e0e54cf305ecc3e495f1ca7f0ed919850193",
    "https://esm.sh/@aws-sdk/core@3.977.8/denonext/dist-es/submodules/client/region-config-resolver/stsRegionDefaultResolver.mjs": "038c570b6679f4533b4509ce084451cd91108568ebb8f1ca6e3553af3b31d60e",
    "https://esm.sh/@aws-sdk/core@3.977.8/denonext/dist-es/submodules/client/setCredentialFeature.mjs": "28ef634984fa0783fc1dae401d7057618bdadcd167cd99d6cc3df9bc8bb1b6aa",
    "https://esm.sh/@aws-sdk/core@3.977.8/denonext/dist-es/submodules/client/setFeature.mjs": "880a2749e33f64a06c109b50769b23ccc04cff6fe9c1fa25d56247a9db42e581",
    "https://esm.sh/@aws-sdk/core@3.977.8/denonext/dist-es/submodules/client/setTokenFeature.mjs": "3586462706b796e02f96540a4f700f2b54b125b049679264ee82b887470923fc",
    "https://esm.sh/@aws-sdk/core@3.977.8/denonext/dist-es/submodules/client/util-endpoints/aws.mjs": "302d8d966a3e7aa45097ff89ca35da51dd6c37c73dd85ca5e3a8c2540097610e",
    "https://esm.sh/@aws-sdk/core@3.977.8/denonext/dist-es/submodules/client/util-endpoints/lib/aws/isVirtualHostableS3Bucket.mjs": "43921e9d124a7a920defb24db1a9761d647009feafd281c643fee6cb52daa5db",
    "https://esm.sh/@aws-sdk/core@3.977.8/denonext/dist-es/submodules/client/util-endpoints/lib/aws/parseArn.mjs": "41b74f4f008e2a139cf3883ff0df0105f511df012ae7f41ceac70ddef14721e6",
    "https://esm.sh/@aws-sdk/core@3.977.8/denonext/dist-es/submodules/client/util-endpoints/lib/aws/partition.mjs": "408b5db191208febb780fa96f238ee5b53f3b42b796973cc5aca405c1143db16",
    "https://esm.sh/@aws-sdk/core@3.977.8/denonext/dist-es/submodules/client/util-endpoints/lib/aws/partitions.mjs": "ce974d192fee4d8d30c6a033f8137a926f0dbeacf69b148ff807e87c09e13d4c",
    "https://esm.sh/@aws-sdk/core@3.977.8/denonext/dist-es/submodules/client/util-endpoints/lib/isIpAddress.mjs": "9359196c3011d60c5e3ce0977d4b117d7e04cc99785cf1486e730bb4a350bd01",
    "https://esm.sh/@aws-sdk/core@3.977.8/denonext/dist-es/submodules/client/util-endpoints/resolveDefaultAwsRegionalEndpointsConfig.mjs": "3cbc4c9c834b4870fd3dc8b6316702cbed4fa9ac59d4dc163b1ef87fd14f8672",
    "https://esm.sh/@aws-sdk/core@3.977.8/denonext/dist-es/submodules/client/util-endpoints/resolveEndpoint.mjs": "c17794fedf7e56e0a10534a94e1ec513552cb08aca4e17e4bccccd45e0474b1a",
    "https://esm.sh/@aws-sdk/core@3.977.8/denonext/dist-es/submodules/client/util-endpoints/types/EndpointError.mjs": "d4e8437e9a6e50a687b28129a9f67b310aba2aeb7078c5df2d44f79f0a75df4d",
    "https://esm.sh/@aws-sdk/core@3.977.8/denonext/dist-es/submodules/client/util-user-agent-browser/createUserAgentStringParsingProvider.mjs": "254f7110da8b1f9ff85f2beba21e1dfc6a94fb983b818c42e4fe6d1d8d1f5bb3",
    "https://esm.sh/@aws-sdk/core@3.977.8/denonext/dist-es/submodules/client/util-user-agent-browser/defaultUserAgent.mjs": "237fcbc75fc109d0478e988e58faa6b34a40311c2cabcfdb77147f4225434b5d",
    "https://esm.sh/@aws-sdk/core@3.977.8/denonext/dist-es/submodules/client/util-user-agent-node/crt-availability.mjs": "91b4f85f2fb7e2d9c53c8b035ce6f5af4cea43585f4573754838673b36ba48fb",
    "https://esm.sh/@aws-sdk/core@3.977.8/denonext/dist-es/submodules/client/util-user-agent-node/defaultUserAgent.mjs": "bbdacd409e167766066f7d7dae8efff198b3372da22aa467ff2715a0a0a3b973",
    "https://esm.sh/@aws-sdk/core@3.977.8/denonext/dist-es/submodules/client/util-user-agent-node/getRuntimeUserAgentPair.mjs": "2608d447c37105c52b2b50cecd2cce1d4c596a071ccac3f9470a9b240d683038",
    "https://esm.sh/@aws-sdk/core@3.977.8/denonext/dist-es/submodules/client/util-user-agent-node/is-crt-available.mjs": "c2d2a19df99b93b81eafc6af8aad44fcbebb18298b74b3846a48c6695d293aa1",
    "https://esm.sh/@aws-sdk/core@3.977.8/denonext/dist-es/submodules/client/util-user-agent-node/nodeAppIdConfigOptions.mjs": "1be0d49c2696ae8d387e461a4ea1c219ca11959b2d074a78f823b151c0619ae6",
    "https://esm.sh/@aws-sdk/core@3.977.8/denonext/dist-es/submodules/httpAuthSchemes/aws_sdk.mjs": "e96497667259f010f797e47199ef2ad2d958b6621e5ec87ecf8cf810a13e321f",
    "https://esm.sh/@aws-sdk/core@3.977.8/denonext/dist-es/submodules/httpAuthSchemes/aws_sdk/AwsSdkSigV4ASigner.mjs": "0f179a7612f496835e1b2f8042a82489c89a2b37f3280dd00106e979ae878c3b",
    "https://esm.sh/@aws-sdk/core@3.977.8/denonext/dist-es/submodules/httpAuthSchemes/aws_sdk/AwsSdkSigV4Signer.mjs": "c2b421a472695cfa22f0d6c0ea5d5adf44c93879d9ccabeaa01c6665362f2ef4",
    "https://esm.sh/@aws-sdk/core@3.977.8/denonext/dist-es/submodules/httpAuthSchemes/aws_sdk/NODE_AUTH_SCHEME_PREFERENCE_OPTIONS.mjs": "132f38ea1114e32b8bd78301be3f5ff8ee7999ccad6274e5dd193db5acdf290c",
    "https://esm.sh/@aws-sdk/core@3.977.8/denonext/dist-es/submodules/httpAuthSchemes/aws_sdk/clock-skew-defaults.mjs": "a605905e291e4f601995bb1cea58f801c4b07e1c8fe75fcf76abf06a6c4af86f",
    "https://esm.sh/@aws-sdk/core@3.977.8/denonext/dist-es/submodules/httpAuthSchemes/aws_sdk/clock-skew-node-config.mjs": "cce28356bc5419dc81f7010a0450eadb8b2a409efda0713175d4ba0af9acaabf",
    "https://esm.sh/@aws-sdk/core@3.977.8/denonext/dist-es/submodules/httpAuthSchemes/aws_sdk/resolveAwsSdkSigV4AConfig.mjs": "789fa263f22e3bf547da90178950bd8aaf2ff7256eba6fda3caabb2f1ebcdadc",
    "https://esm.sh/@aws-sdk/core@3.977.8/denonext/dist-es/submodules/httpAuthSchemes/aws_sdk/resolveAwsSdkSigV4Config.mjs": "6c363c5ce6b99e75e8743d342c3f4bec83ab848ec3a003aa5069853703c2d7d4",
    "https://esm.sh/@aws-sdk/core@3.977.8/denonext/dist-es/submodules/httpAuthSchemes/utils.mjs": "fb1f5d87149807d4f526c2cd5af425b48d7483b0e753000d8a9ef93d57a9c2cc",
    "https://esm.sh/@aws-sdk/core@3.977.8/denonext/dist-es/submodules/httpAuthSchemes/utils/getArrayForCommaSeparatedString.mjs": "8dd0e3e7efb67edcdfacf2c11e6d22c90b92f0b71d57b0959fe32c110d9a25e5",
    "https://esm.sh/@aws-sdk/core@3.977.8/denonext/dist-es/submodules/httpAuthSchemes/utils/getBearerTokenEnvKey.mjs": "9ba71ebcc3dcb2c0ff4bf66fb8be14aa9228a5e340bcae35f64fb9886ca98286",
    "https://esm.sh/@aws-sdk/core@3.977.8/denonext/dist-es/submodules/httpAuthSchemes/utils/getDateHeader.mjs": "a8b9518bc10ed31346b6da46d7dd4e76d9210324ae118737104d8444f59c5804",
    "https://esm.sh/@aws-sdk/core@3.977.8/denonext/dist-es/submodules/httpAuthSchemes/utils/getSkewCorrectedDate.mjs": "871acaab8ccdd9713d86ec650f35450b4c99ba3667ca0035bf9cf204ee2cc4c7",
    "https://esm.sh/@aws-sdk/core@3.977.8/denonext/dist-es/submodules/httpAuthSchemes/utils/getUpdatedSystemClockOffset.mjs": "f37dc951df537590f85781a1780de1603472379f8e8a743b57b52df9002e8e91",
    "https://esm.sh/@aws-sdk/core@3.977.8/denonext/dist-es/submodules/httpAuthSchemes/utils/isClockSkewed.mjs": "d5a9ce43abf8a93020f5d83a6a0e16b325add4f8a376bedc7780ebf057f4bddf",
    "https://esm.sh/@aws-sdk/core@3.977.8/denonext/dist-es/submodules/protocols/ConfigurableSerdeContext.mjs": "8adab1ab33643b801a1e2338fa10909b1eae9593b34b871741b2960143578cb8",
    "https://esm.sh/@aws-sdk/core@3.977.8/denonext/dist-es/submodules/protocols/ProtocolLib.mjs": "6b578401b03beb8df7a56717f55f2cb394588db56aa49f492073a623ec3c88fc",
    "https://esm.sh/@aws-sdk/core@3.977.8/denonext/dist-es/submodules/protocols/UnionSerde.mjs": "e2231a430c681c91c7018ac44cd0438d0f68fcae1fd5cd6ee5f938c5cb57bff3",
    "https://esm.sh/@aws-sdk/core@3.977.8/denonext/dist-es/submodules/protocols/cbor/AwsSmithyRpcV2CborProtocol.mjs": "a9d42034a2f9613eda1bad8b8a867cfd49beae355664697cfdee9da7dfda1a65",
    "https://esm.sh/@aws-sdk/core@3.977.8/denonext/dist-es/submodules/protocols/coercing-serializers.mjs": "30e83e1fca1e7ab2c5ce2a9852ee81a7fb856906ba6de3b8ee87aad38b37e523",
    "https://esm.sh/@aws-sdk/core@3.977.8/denonext/dist-es/submodules/protocols/common.mjs": "6faacfcf88e546a6c78f5bc647aca62c7489291d4793e39b0d8d5b1b615e31a8",
    "https://esm.sh/@aws-sdk/core@3.977.8/denonext/dist-es/submodules/protocols/json/AwsJson1_0Protocol.mjs": "ce687670a30a0912bb47eaa823623fa53679624080d5568081d7e9eba014916e",
    "https://esm.sh/@aws-sdk/core@3.977.8/denonext/dist-es/submodules/protocols/json/AwsJson1_1Protocol.mjs": "8ee4e4bac5e490f6879e4550fec5e41fc816cd67ee6d0a41352e963e10ff2675",
    "https://esm.sh/@aws-sdk/core@3.977.8/denonext/dist-es/submodules/protocols/json/AwsJsonRpcProtocol.mjs": "baeb1e7fba676ae580526d0996916022c6d498ad3e4ad7a3d1330e677b5ee20d",
    "https://esm.sh/@aws-sdk/core@3.977.8/denonext/dist-es/submodules/protocols/json/AwsRestJsonProtocol.mjs": "249c1013c34e19b76693eefbb0fd0fc9883a12ed8d1ea171c269fc35ddf91fe8",
    "https://esm.sh/@aws-sdk/core@3.977.8/denonext/dist-es/submodules/protocols/json/awsExpectUnion.mjs": "1167e041c55e2b63b71a7fcc85b56af6f343ea628c4c858df5754ad81627d5ed",
    "https://esm.sh/@aws-sdk/core@3.977.8/denonext/dist-es/submodules/protocols/json/codec-v1/JsonCodec.mjs": "01c0de57c4011641350c9a95c9b76719e9692896489687439b5d84602814f890",
    "https://esm.sh/@aws-sdk/core@3.977.8/denonext/dist-es/submodules/protocols/json/codec-v1/JsonShapeDeserializer.mjs": "b21d589dc32eedb6eb351c81e0135e99b635e52a5398cf7ec280898b4eca1dd6",
    "https://esm.sh/@aws-sdk/core@3.977.8/denonext/dist-es/submodules/protocols/json/codec-v1/JsonShapeSerializer.mjs": "05c214385f9f5025f3b18ca52987f6267e1a58b27f425ccba394ff853100f5e8",
    "https://esm.sh/@aws-sdk/core@3.977.8/denonext/dist-es/submodules/protocols/json/codec-v2/JsonBytesStringAdapter.mjs": "3dc8a66529b5acd93ef33562ea1ceddbccc927e1353d4ceef543ca266e5a7c3c",
    "https://esm.sh/@aws-sdk/core@3.977.8/denonext/dist-es/submodules/protocols/json/codec-v2/JsonCodec2.mjs": "f969b8a3556d51c399e740200ad0dd3720404d92019e745fd573df848ba0a548",
    "https://esm.sh/@aws-sdk/core@3.977.8/denonext/dist-es/submodules/protocols/json/codec-v2/JsonShapeDeserializer2.mjs": "22f152add6c032dece38de8493e5b24c12088eae5a05d3f8529c1bfeeb27cc4b",
    "https://esm.sh/@aws-sdk/core@3.977.8/denonext/dist-es/submodules/protocols/json/codec-v2/JsonShapeSerializer2.mjs": "82c90122bad236856185064f537cd2098310d398560a48bdf7af3ba15d6cd393",
    "https://esm.sh/@aws-sdk/core@3.977.8/denonext/dist-es/submodules/protocols/json/detectBufferParsing.mjs": "1c30eed1471fbaf1ada1fce945f2ce33af98295efde4608897c13407e8cda168",
    "https://esm.sh/@aws-sdk/core@3.977.8/denonext/dist-es/submodules/protocols/json/jsonReplacer.mjs": "3dc41b80113dc6204dd3c896327d712fd6921d3bfbee970c18d13fb71e9c6639",
    "https://esm.sh/@aws-sdk/core@3.977.8/denonext/dist-es/submodules/protocols/json/jsonReviver.mjs": "a6f2eafe89309f4b82e275a9f7b79952b48a63b7ec697587f40f8615faf2003f",
    "https://esm.sh/@aws-sdk/core@3.977.8/denonext/dist-es/submodules/protocols/json/needsReviver.mjs": "cc4d1af206aa8e02d0b0d0c4b566b8445f576088b24d4979367c44fd97e3d893",
    "https://esm.sh/@aws-sdk/core@3.977.8/denonext/dist-es/submodules/protocols/json/parseJsonBody.mjs": "774d6680bb385c045b61cf15c16b4ed76fd39422dc0116f4925ddec6346a077e",
    "https://esm.sh/@aws-sdk/core@3.977.8/denonext/dist-es/submodules/protocols/query/AwsEc2QueryProtocol.mjs": "13872dc71fb94f8d6e58afb5c74e7836eb9b40c47158cf1046e76518fe8080fa",
    "https://esm.sh/@aws-sdk/core@3.977.8/denonext/dist-es/submodules/protocols/query/AwsQueryProtocol.mjs": "ab83283fe10e376fa84f9cff5412c04dde9482e534c49dbd6e8e0a494261c042",
    "https://esm.sh/@aws-sdk/core@3.977.8/denonext/dist-es/submodules/protocols/query/QueryShapeSerializer.mjs": "9c5cae5b25cf64ba7cd96ee151c31f76f0e9bd174749ee03d3355b30204138e9",
    "https://esm.sh/@aws-sdk/core@3.977.8/denonext/dist-es/submodules/protocols/writeKey.mjs": "99b9539a50341d148d0b9e7f749bf24e252fff8673947e4e331801f6cc1dd344",
    "https://esm.sh/@aws-sdk/core@3.977.8/denonext/dist-es/submodules/protocols/xml/AwsRestXmlProtocol.mjs": "6ec41e3fbbd523bbdb2967e9a50a4bf9a1c43768fa09caad3c3cef2f8ef095cc",
    "https://esm.sh/@aws-sdk/core@3.977.8/denonext/dist-es/submodules/protocols/xml/XmlCodec.mjs": "033928ad95e3b3135622dfe203c0a4a052fc2d1bffc38c4ad11b9921b1d01a1f",
    "https://esm.sh/@aws-sdk/core@3.977.8/denonext/dist-es/submodules/protocols/xml/XmlShapeDeserializer.mjs": "faf02f1a89b7b90ab674c49fab7b6ccde8e490987f800d02686f05e6497432ac",
    "https://esm.sh/@aws-sdk/core@3.977.8/denonext/dist-es/submodules/protocols/xml/XmlShapeSerializer.mjs": "e5658bd9fb64fe7cbe48facb0953e023bd5e9215f07571c4e5163310c12d64b3",
    "https://esm.sh/@aws-sdk/core@3.977.8/denonext/dist-es/submodules/protocols/xml/parseXmlBody.mjs": "cc076414b75e6fb737eb23c1cc2e0c5a31dcaae496ba7a54ebaf1c7821928fed",
    "https://esm.sh/@aws-sdk/core@3.977.8/denonext/dist-es/submodules/util/util-arn-parser/arn.mjs": "ffbc01d14e92b4397bc09d3c33bf09c1ec58cab49f02dd8f36891ca74fba43d5",
    "https://esm.sh/@aws-sdk/core@3.977.8/denonext/dist-es/submodules/util/util-format-url/format-url.mjs": "487b3a34466990de774c394f8f57f099ecf9027292b5115d206e6c821f8a34c3",
    "https://esm.sh/@aws-sdk/core@3.977.8/denonext/httpAuthSchemes.mjs": "3dc765867885fc911217096194313471ed827e4b0684d727bfb7196c6a2a79da",
    "https://esm.sh/@aws-sdk/core@3.977.8/denonext/protocols.mjs": "70c85035183946879a8b6c5777937b4b047a5d0ac3572680bfef70549a364847",
    "https://esm.sh/@aws-sdk/core@3.977.8/denonext/util.mjs": "570436eb4006e685a4de85a2b9660cbf21c3e8c30cecef09f820dfa5357ee003",
    "https://esm.sh/@aws-sdk/core@3.977.8/httpAuthSchemes?target=denonext": "479d19d1a12036938df2863715f56f1402679c7e7d2f4d94d3ee99f048a74eef",
    "https://esm.sh/@aws-sdk/core@3.977.8/protocols?target=denonext": "cc25a976aa204390d65b4cf7532dcd713de8a80b0f2b6e53c74305af5cf2c0f8",
    "https://esm.sh/@aws-sdk/core@3.977.8/util?target=denonext": "c5ea61eef2ef6ef464544e05ee89c2c3129baa3dbb501996cc51011ac096b0b1",
    "https://esm.sh/@aws-sdk/credential-provider-env@3.972.69/denonext/credential-provider-env.mjs": "6d19b140cc5b52f6eecf18c2a3c9696e4fa52f53cd186f745bcf4e859c9dee84",
    "https://esm.sh/@aws-sdk/credential-provider-env@3.972.69?target=denonext": "3e7184f0920711e5be8b39b23623f42d95506549c2410da95a24ba89ccfdda98",
    "https://esm.sh/@aws-sdk/credential-provider-http@3.972.71/denonext/credential-provider-http.mjs": "b51d40b67d448ff41fb6035bc33adc162ff4e74577f784a214d31890f75ef5f9",
    "https://esm.sh/@aws-sdk/credential-provider-http@3.972.71?target=denonext": "e4c8343247884075bd03c84698f8b1d9f9e1fad889bd345b90567aaddb030bf2",
    "https://esm.sh/@aws-sdk/credential-provider-ini@3.973.14/denonext/credential-provider-ini.mjs": "f266911a2fac3d783dce39719c1881f1a4cf7c02298d99a3fd27b5f4103937a6",
    "https://esm.sh/@aws-sdk/credential-provider-ini@3.973.14?target=denonext": "aae9737a848fa5dc646b3151960a6cc187c9dd1198bc6ff969fa26eb67e6f25b",
    "https://esm.sh/@aws-sdk/credential-provider-login@3.972.76/denonext/credential-provider-login.mjs": "f4e2e162b5e2b13b92fac9f2f87f148721b3e4ded2434995282f8d95e6cbbc90",
    "https://esm.sh/@aws-sdk/credential-provider-login@3.972.76?target=denonext": "e76b05fbc9d09be477cedc39a5e6aa20f73f1fc8ed4e19905b13596d2ce9facf",
    "https://esm.sh/@aws-sdk/credential-provider-node@3.972.80/denonext/credential-provider-node.mjs": "572ac6a93e72813478df4294ec81ff5a6ac0aab8dc93b0a890dfcf7a8eb9a345",
    "https://esm.sh/@aws-sdk/credential-provider-node@3.972.80?target=denonext": "6dcb4df684795c8a111dbbc85e5dd3788bb9282cc1899470188c63ee6b9f0a3e",
    "https://esm.sh/@aws-sdk/credential-provider-process@3.972.69/denonext/credential-provider-process.mjs": "139b69a7984bfbc049a9f6596377f565f9e825d3ea51cb3d890dde02d75acd62",
    "https://esm.sh/@aws-sdk/credential-provider-process@3.972.69?target=denonext": "4296071d9bb4f80eedfa3010b33e497d0a4b7734bbd75c6e2801d36b0307b51b",
    "https://esm.sh/@aws-sdk/credential-provider-sso@3.973.13/denonext/credential-provider-sso.mjs": "d684bfae339ec160aaeb69eccbdb8ce2c85cea2290526a3302cc42fe3ffa966a",
    "https://esm.sh/@aws-sdk/credential-provider-sso@3.973.13/denonext/dist-es/loadSso.mjs": "95e1cd0b4c3fdde2fc824f14276788bde625b3de03ea3f15478fee1773a0a408",
    "https://esm.sh/@aws-sdk/credential-provider-sso@3.973.13?target=denonext": "4613511089079d514a4b8903811dbbc82f96d81d93956922be02f896bda6f52b",
    "https://esm.sh/@aws-sdk/credential-provider-web-identity@3.972.75/denonext/credential-provider-web-identity.mjs": "d8b8745e88a9ed60878c97434a11479903b4e78f4b7ac536fdb59641d1f43076",
    "https://esm.sh/@aws-sdk/credential-provider-web-identity@3.972.75?target=denonext": "3aaef063ff21e149af265bf7eb10c541beaafdaad262fd909a752c8f3464b1f9",
    "https://esm.sh/@aws-sdk/middleware-sdk-s3@3.972.74/denonext/s3.mjs": "1aa313bd83bc059a28e6dc16b3bb64e35721c67e24bf8470e37e2b553d36b068",
    "https://esm.sh/@aws-sdk/middleware-sdk-s3@3.972.74/s3?target=denonext": "e52d04f46be6dc7623ae4cbfc5be2ad44565b3fab2cde6534a37951b532e6eb8",
    "https://esm.sh/@aws-sdk/nested-clients@3.997.43/denonext/signin.mjs": "5507a2c524ba03e37fa4f7b934790912da66dfb5352217078664577e2d0a6ed6",
    "https://esm.sh/@aws-sdk/nested-clients@3.997.43/denonext/sso-oidc.mjs": "a459d013568bd166287c3a57c8ae089db351666dbc0b0fcfb74b0302cf77b50e",
    "https://esm.sh/@aws-sdk/nested-clients@3.997.43/denonext/sso.mjs": "59ad9c8eab297a8036d783286fd501cdd3cc6fa1e53f38b650fc347540c49a15",
    "https://esm.sh/@aws-sdk/nested-clients@3.997.43/denonext/sts.mjs": "5b7f8df6c91e0233c9df43ea5946d1bc2e7064bca88f94ed038648e78d9c2a7c",
    "https://esm.sh/@aws-sdk/nested-clients@3.997.43/package.json?module": "e95a89ec01f5edf8cc160342f2127dec3f3406834f8e26cf1e6ea4a92f223534",
    "https://esm.sh/@aws-sdk/nested-clients@3.997.43/signin?target=denonext": "8e1b5ff5bb4bffeee4b57edfe6b67c8591ecb40a12353d4b90e316170e27f2c5",
    "https://esm.sh/@aws-sdk/nested-clients@3.997.43/sso-oidc?target=denonext": "e22891ddad47234daeaa2bdd59b405bcd0b84a882b006494069bd5cd892759b1",
    "https://esm.sh/@aws-sdk/nested-clients@3.997.43/sso?target=denonext": "0ac7f6bfb3df215bb83e9b8a1dc46c3e7295f3320f7584ca37c664d128802e6e",
    "https://esm.sh/@aws-sdk/nested-clients@3.997.43/sts?target=denonext": "892044d8dd8bd3e67d3d93493713a92086188d85c33fbc2c9f316eed03986fe0",
    "https://esm.sh/@aws-sdk/signature-v4-multi-region@3.996.45/denonext/signature-v4-multi-region.mjs": "8d59657faf313d8ffa6a026144e1af4875928a1ace7c458bb0123bdd9b462f67",
    "https://esm.sh/@aws-sdk/signature-v4-multi-region@3.996.45?target=denonext": "ed7fd5477460811bd426ac12cc8bd32122b6297058b1ed8ab5222c670dc1d950",
    "https://esm.sh/@aws-sdk/token-providers@3.1111.0/denonext/token-providers.mjs": "64db794439e070c32cf3e6358f9fa4373a181ccddd3b8ce6d7279ee6f0b4c536",
    "https://esm.sh/@aws-sdk/xml-builder@3.972.39/denonext/xml-builder.mjs": "91c5c7d70193d33b12ffb6e6fef39b8037109df6df2bf680405b8a07c6c3eb42",
    "https://esm.sh/@aws-sdk/xml-builder@3.972.39?target=denonext": "561715dab9e0a4ac67c3e2d04dacec947397e7f3dff0c846d285f85fe572d3e2",
    "https://esm.sh/@aws/lambda-invoke-store@0.3.0/denonext/lambda-invoke-store.mjs": "0430d96737132d99346bda24fe7e3b7cddbc8ae0083cb841258ce2ba3108c9b7",
    "https://esm.sh/@aws/lambda-invoke-store@0.3.0?target=denonext": "d2b8a6a56b6693bccb304b34c8c2be358716e885809b4f5da2aef3d5d18d1d2b",
    "https://esm.sh/@smithy/core@3.33.2/cbor?target=denonext": "0817797de58de0545a88e4be0d4de6b8346e5feeeba31976884fcb516004a883",
    "https://esm.sh/@smithy/core@3.33.2/checksum?target=denonext": "a67cfc77cf8254fa73407887bf10e7db38f8b3905d1d88028392c216b78b2b71",
    "https://esm.sh/@smithy/core@3.33.2/client?target=denonext": "877a0132ff0f14939296a66ad71d46d47d03dd28e6859df249c4485c50f092ae",
    "https://esm.sh/@smithy/core@3.33.2/config?target=denonext": "46d6c6bdba0ac8a57569974825ff65426b8fd7e300f91d3ae63121371140c6ba",
    "https://esm.sh/@smithy/core@3.33.2/denonext/cbor.mjs": "2ed591323a08b30a209e1972100e2392c95dd1f42e99514e368f67745e41e301",
    "https://esm.sh/@smithy/core@3.33.2/denonext/checksum.mjs": "873d69dc82097a7ebe2b852f88fd9c490d068f3b9629d820eeb2e3c46d3b413d",
    "https://esm.sh/@smithy/core@3.33.2/denonext/client.mjs": "d2859bb22d1374b52c39bc50cfa31f39b05561c9e4a3fadbd781d2a19cd3cff4",
    "https://esm.sh/@smithy/core@3.33.2/denonext/config.mjs": "8863235aa54b13243614ce718094406913789c8caf1a976849b7b56760e2b12f",
    "https://esm.sh/@smithy/core@3.33.2/denonext/core.mjs": "93584616006112ba66f4f625e891116734a04bc6b393e92b84d013b6c3cac0d6",
    "https://esm.sh/@smithy/core@3.33.2/denonext/endpoints.mjs": "2f64bc30f97a7331df6309a4908bb52298e06a3b7e1dc5b0a1b08a3ba41f5c02",
    "https://esm.sh/@smithy/core@3.33.2/denonext/event-streams.mjs": "87339371f5881881cf88ffd99bf0ae5a135f293409f8ca85d1475954d787b147",
    "https://esm.sh/@smithy/core@3.33.2/denonext/protocols.mjs": "390ee6169150cbe3b592fe2e5c0abdf8c6de2df75e85393c57e529b786b26b86",
    "https://esm.sh/@smithy/core@3.33.2/denonext/retry.mjs": "dc63988592d98e1f245ea8bbe75ee5bfbb2fa13767a0c00a2056d0c09abd8863",
    "https://esm.sh/@smithy/core@3.33.2/denonext/schema.mjs": "1387aad95aa0f28310c04a9f61513e03ea60c4a91f634ec138018810f902b27f",
    "https://esm.sh/@smithy/core@3.33.2/denonext/serde.mjs": "ce6b84760aaa80341358ee8115b2bfffc2fc52f56727ba3f44f1afea0eda740c",
    "https://esm.sh/@smithy/core@3.33.2/denonext/transport.mjs": "0d1fde9220d20de46a9141d6db21f436ae4bf8117dbec3c510a2022f0865d644",
    "https://esm.sh/@smithy/core@3.33.2/endpoints?target=denonext": "8e89179b37e222167e4b26c06e2097f1b6abe4c5e5e571f37a28519954d92d3f",
    "https://esm.sh/@smithy/core@3.33.2/event-streams?target=denonext": "085e1ecb20f9be5ac5555f881be806afaa78f9ba0391116d25f3cecca8202257",
    "https://esm.sh/@smithy/core@3.33.2/protocols?target=denonext": "b62a795f07ab220fb893d10e359e91cb2529f32d74119480ab0f57e45ffb389a",
    "https://esm.sh/@smithy/core@3.33.2/retry?target=denonext": "744f3a1f4976a075ef5e738c86476138d899a65ce420b5724b3ca145b8479e3f",
    "https://esm.sh/@smithy/core@3.33.2/schema?target=denonext": "b5b192898218d50fe96a8749e0e7fd5f98b1407acbe6e6a4838f59cbe8702399",
    "https://esm.sh/@smithy/core@3.33.2/serde?target=denonext": "883f2f8b3a60ffd1b9c14671e3d83d5fa504f9b357915ac7ef3eae9207897323",
    "https://esm.sh/@smithy/core@3.33.2?target=denonext": "6065c542bd88f984d678712f00d3c7d40a7d424acd9ec0d4866f8137593360f0",
    "https://esm.sh/@smithy/credential-provider-imds@4.5.2/denonext/credential-provider-imds.mjs": "6335b13f71f7f9974ed4ddb5c753e935207d14b6536ade82d300801b92c10965",
    "https://esm.sh/@smithy/credential-provider-imds@4.5.2?target=denonext": "c4ccb57061d129e3dfeaed629bb3bd844905f8c342af1e4ce7f34255f600d566",
    "https://esm.sh/@smithy/node-http-handler@4.11.2/denonext/node-http-handler.mjs": "5e5d9f04d5fdfc181479aca27f909edaa6b5eff1bcb9765fd0e1c67ae78abc73",
    "https://esm.sh/@smithy/node-http-handler@4.11.2?target=denonext": "acb7f54f4abc722a42b343b485d12b6c3f07ef45fc81b45a958700ea64ae14ba",
    "https://esm.sh/@smithy/signature-v4@5.7.2/denonext/signature-v4.mjs": "a35a7e7bf26840672b31cd3209af199d65ea91441d5399b4a6b54124eb9be895",
    "https://esm.sh/@smithy/signature-v4@5.7.2?target=denonext": "8756d74f5c5404b779cf471d583ff7976c95d57dece75f191e679e05d232d91f",
    "https://esm.sh/@smithy/types@4.17.2/denonext/types.mjs": "bad8f11675db2d1bc81b42a49e620cb8fe40f0670a6ef3e5ea2d0b7b785de7e9",
    "https://esm.sh/@smithy/types@4.17.2?target=denonext": "55fd18298b373f2e3c6b93e648d7edf3121a4f34db6f06ab6a5dae257a87f135",
    "https://esm.sh/bowser@2.14.1/denonext/bowser.mjs": "696dea5fa2aff4ef7556093cc238b9ef9b15814b117ddd6760ca44e04511165c",
    "https://esm.sh/bowser@2.14.1?target=denonext": "b0cc29af5925bf90c714b2d4c2205ab7a4671ceadb859f95ca8bf6281a9789a9"
  },
  "workspace": {
    "packageJson": {
      "dependencies": [
        "npm:@supabase/supabase-js@^2.57.4"
      ]
    }
  }
}
